{
  "name": "valea-new",
  "version": "0.0.1",
  "lockfileVersion": 1,
  "requires": true,
  "dependencies": {
    "@altv/types-client": {
      "version": "1.8.6",
      "resolved": "https://registry.npmjs.org/@altv/types-client/-/types-client-1.8.6.tgz",
      "integrity": "sha512-cFXPXbMzafLZEehTDi3oyVKxvOqYyXhxMFxVx/4iBXrpbAyaSVlcPrGYqtqC+ywMJlMSLkJ+e6pbTEd70iTk/w==",
      "dev": true
    },
    "@altv/types-natives": {
      "version": "1.4.2",
      "resolved": "https://registry.npmjs.org/@altv/types-natives/-/types-natives-1.4.2.tgz",
      "integrity": "sha512-Dsr2/nXsedi+dYiBb+kUaCKZOZug+9rPl8FViqeCwjLVdUSAJoRtxt2tWjRcuaTJRwmZGA4w1bPA8BtX7yheZQ==",
      "dev": true
    },
    "@altv/types-shared": {
      "version": "1.0.6",
      "resolved": "https://registry.npmjs.org/@altv/types-shared/-/types-shared-1.0.6.tgz",
      "integrity": "sha512-R6hVDIyOS3V2VtYuiXVh4xXVnjP3y4cehNd7vlVtqFn3Vmhp3TK9hEMC3vnYyVQZ/WprbzVsPAdazhqWmooegQ==",
      "dev": true
    },
    "@altv/types-webview": {
      "version": "1.0.2",
      "resolved": "https://registry.npmjs.org/@altv/types-webview/-/types-webview-1.0.2.tgz",
      "integrity": "sha512-3RceTutIDS/XV8YUn/AiSe61BERBb6LfCCQxIcN5bvlh26lPXC0naxtQTcG39pSgj8a5iiVT8LaRNdEZP6JBcA==",
      "dev": true
    },
    "@napi-rs/triples": {
      "version": "1.0.3",
      "resolved": "https://registry.npmjs.org/@napi-rs/triples/-/triples-1.0.3.tgz",
      "integrity": "sha512-jDJTpta+P4p1NZTFVLHJ/TLFVYVcOqv6l8xwOeBKNPMgY/zDYH/YH7SJbvrr/h1RcS9GzbPcLKGzpuK9cV56UA==",
      "dev": true
    },
    "@node-rs/helper": {
      "version": "1.2.1",
      "resolved": "https://registry.npmjs.org/@node-rs/helper/-/helper-1.2.1.tgz",
      "integrity": "sha512-R5wEmm8nbuQU0YGGmYVjEc0OHtYsuXdpRG+Ut/3wZ9XAvQWyThN08bTh2cBJgoZxHQUPtvRfeQuxcAgLuiBISg==",
      "dev": true,
      "requires": {
        "@napi-rs/triples": "^1.0.3"
      }
    },
    "@nodelib/fs.scandir": {
      "version": "2.1.5",
      "resolved": "https://registry.npmjs.org/@nodelib/fs.scandir/-/fs.scandir-2.1.5.tgz",
      "integrity": "sha512-vq24Bq3ym5HEQm2NKCr3yXDwjc7vTsEThRDnkp2DK9p1uqLR+DHurm/NOTo0KG7HYHU7eppKZj3MyqYuMBf62g==",
      "dev": true,
      "requires": {
        "@nodelib/fs.stat": "2.0.5",
        "run-parallel": "^1.1.9"
      }
    },
    "@nodelib/fs.stat": {
      "version": "2.0.5",
      "resolved": "https://registry.npmjs.org/@nodelib/fs.stat/-/fs.stat-2.0.5.tgz",
      "integrity": "sha512-RkhPPp2zrqDAQA/2jNhnztcPAlv64XdhIp7a7454A5ovI7Bukxgt7MX7udwAu3zg1DcpPU0rz3VV1SeaqvY4+A==",
      "dev": true
    },
    "@nodelib/fs.walk": {
      "version": "1.2.8",
      "resolved": "https://registry.npmjs.org/@nodelib/fs.walk/-/fs.walk-1.2.8.tgz",
      "integrity": "sha512-oGB+UxlgWcgQkgwo8GcEGwemoTFt3FIO9ababBmaGwXIoBKZ+GTy0pP185beGg7Llih/NSHSV2XAs1lnznocSg==",
      "dev": true,
      "requires": {
        "@nodelib/fs.scandir": "2.1.5",
        "fastq": "^1.6.0"
      }
    },
    "@swc/cli": {
      "version": "0.1.51",
      "resolved": "https://registry.npmjs.org/@swc/cli/-/cli-0.1.51.tgz",
      "integrity": "sha512-7eqZGpkI4QOYfF+9FV4xpT/V/LSRDs5OMJcm4Z46JnPMvv+sxumAFdCe1hHRzHgnzwis9OtjI8Tt3Srf9JudQw==",
      "dev": true,
      "requires": {
        "commander": "^7.1.0",
        "fast-glob": "^3.2.5",
        "slash": "3.0.0",
        "source-map": "^0.7.3"
      }
    },
    "@swc/core": {
      "version": "1.2.93",
      "resolved": "https://registry.npmjs.org/@swc/core/-/core-1.2.93.tgz",
      "integrity": "sha512-Lx9I+9GfUl2Mb7r23MVbSkc+NZE0+xZ4Xh787D1b82KMeFLz7QgYe4cNM9SzTjV/VlSQyNTVlzjES7ZThIUvtA==",
      "dev": true,
      "requires": {
        "@node-rs/helper": "^1.0.0",
        "@swc/core-android-arm64": "1.2.93",
        "@swc/core-darwin-arm64": "1.2.93",
        "@swc/core-darwin-x64": "1.2.93",
        "@swc/core-freebsd-x64": "1.2.93",
        "@swc/core-linux-arm-gnueabihf": "1.2.93",
        "@swc/core-linux-arm64-gnu": "1.2.93",
        "@swc/core-linux-arm64-musl": "1.2.93",
        "@swc/core-linux-x64-gnu": "1.2.93",
        "@swc/core-linux-x64-musl": "1.2.93",
        "@swc/core-win32-arm64-msvc": "1.2.93",
        "@swc/core-win32-ia32-msvc": "1.2.93",
        "@swc/core-win32-x64-msvc": "1.2.93"
      }
    },
    "@swc/core-android-arm64": {
      "version": "1.2.93",
      "resolved": "https://registry.npmjs.org/@swc/core-android-arm64/-/core-android-arm64-1.2.93.tgz",
      "integrity": "sha512-3F5A7QNR5+MI64W20QBADU0Z6knt8kJOxIoKw4Vuk7JQ6k0nnMemio3LtusHgAVZLXq0wMILZ4kv/+qnRzWb7A==",
      "dev": true,
      "optional": true
    },
    "@swc/core-darwin-arm64": {
      "version": "1.2.93",
      "resolved": "https://registry.npmjs.org/@swc/core-darwin-arm64/-/core-darwin-arm64-1.2.93.tgz",
      "integrity": "sha512-a8tu9WCtnjiuKTscUu8N9z/vVuIldwo5US4WfYi2dtQNgf21n1ZKxwvsZzRz6mEC86zVE0k9pmslwEtMuuCJog==",
      "dev": true,
      "optional": true
    },
    "@swc/core-darwin-x64": {
      "version": "1.2.93",
      "resolved": "https://registry.npmjs.org/@swc/core-darwin-x64/-/core-darwin-x64-1.2.93.tgz",
      "integrity": "sha512-ga8bpjauZYHWMjuPKcqOZFSgStvveMc/J7yqIlr9sF2pOr7Rt/MKLO4Ups95A2Aay90aCF9cPKQDtX71PmdlVw==",
      "dev": true,
      "optional": true
    },
    "@swc/core-freebsd-x64": {
      "version": "1.2.93",
      "resolved": "https://registry.npmjs.org/@swc/core-freebsd-x64/-/core-freebsd-x64-1.2.93.tgz",
      "integrity": "sha512-qDBEZqHh6C2AMaxjdm/Am8MUwN94RS3na9VLYDMGUkgs2yvnSADfx7JOyZEJT1Ot7FZEuyGXcSfomUzNCU/5kw==",
      "dev": true,
      "optional": true
    },
    "@swc/core-linux-arm-gnueabihf": {
      "version": "1.2.93",
      "resolved": "https://registry.npmjs.org/@swc/core-linux-arm-gnueabihf/-/core-linux-arm-gnueabihf-1.2.93.tgz",
      "integrity": "sha512-KlJsXOcZpuHXU8hMVDXfSyBQ9fdUpzwDV1JKpfIehG+P2kRdCbiN3irdv6kd3rVH/PUjiCSIP5SvpCMvwJzDNg==",
      "dev": true,
      "optional": true
    },
    "@swc/core-linux-arm64-gnu": {
      "version": "1.2.93",
      "resolved": "https://registry.npmjs.org/@swc/core-linux-arm64-gnu/-/core-linux-arm64-gnu-1.2.93.tgz",
      "integrity": "sha512-UdQX3Tt7xLUgC4AFROw9wRaRA2vDHNnNFURkV//i/nsGay12JANBvXA/FOMge6yx32tPvcNUSRHnb3MYep0kzg==",
      "dev": true,
      "optional": true
    },
    "@swc/core-linux-arm64-musl": {
      "version": "1.2.93",
      "resolved": "https://registry.npmjs.org/@swc/core-linux-arm64-musl/-/core-linux-arm64-musl-1.2.93.tgz",
      "integrity": "sha512-O5W/cjnkP9nuKZsx03/DxVO+ILh5BUmfCjFzScXGuLMIZrBLyzBstcaSaZOxfd04wPEqael4VZiAGmWXornZ1g==",
      "dev": true,
      "optional": true
    },
    "@swc/core-linux-x64-gnu": {
      "version": "1.2.93",
      "resolved": "https://registry.npmjs.org/@swc/core-linux-x64-gnu/-/core-linux-x64-gnu-1.2.93.tgz",
      "integrity": "sha512-fDELNkklMzEI8KDr51XGajP7TVbZCLYkiPGAgbGadmkMFvlgJfzf1Qt1VzjGk5lTYdQO40vCe7u4xEpfdq6lLQ==",
      "dev": true,
      "optional": true
    },
    "@swc/core-linux-x64-musl": {
      "version": "1.2.93",
      "resolved": "https://registry.npmjs.org/@swc/core-linux-x64-musl/-/core-linux-x64-musl-1.2.93.tgz",
      "integrity": "sha512-ZdEi04dfj96XDjT+J2k/J/m3WoHqlfwz93dTlpWdlPvrSNtsMg2oorm0Zynx/x2Ghe3w1hJu3HdMaJF2UY3Ttw==",
      "dev": true,
      "optional": true
    },
    "@swc/core-win32-arm64-msvc": {
      "version": "1.2.93",
      "resolved": "https://registry.npmjs.org/@swc/core-win32-arm64-msvc/-/core-win32-arm64-msvc-1.2.93.tgz",
      "integrity": "sha512-NbIyBpOCEqxa+s3x8ijQGBOxQd5P63icf+6SK6MkO5E2zTgiR4g6ziihKCdhF9tJ6M4c0DHL/RqIV5SS9UX01w==",
      "dev": true,
      "optional": true
    },
    "@swc/core-win32-ia32-msvc": {
      "version": "1.2.93",
      "resolved": "https://registry.npmjs.org/@swc/core-win32-ia32-msvc/-/core-win32-ia32-msvc-1.2.93.tgz",
      "integrity": "sha512-TrRfHzGBQL1fjTahfBLDYcjLx28tH7pN5co5fJmYgASey8McVWL6eW/q/9fxvZqOVyj2SF9wvLDYKm0IWz4f+g==",
      "dev": true,
      "optional": true
    },
    "@swc/core-win32-x64-msvc": {
      "version": "1.2.93",
      "resolved": "https://registry.npmjs.org/@swc/core-win32-x64-msvc/-/core-win32-x64-msvc-1.2.93.tgz",
      "integrity": "sha512-VsqLVB7ytNYqEC21amMswC2c84NCVNW6KLhS9XeO6Vz1+7wx8uPu1rAo14oBu5/3yhv7/K3wgfMqJMKHZtXPMQ==",
      "dev": true,
      "optional": true
    },
    "balanced-match": {
      "version": "1.0.2",
      "resolved": "https://registry.npmjs.org/balanced-match/-/balanced-match-1.0.2.tgz",
      "integrity": "sha512-3oSeUO0TMV67hN1AmbXsK4yaqU7tjiHlbxRDZOpH0KW9+CeX4bRAaX0Anxt0tx2MrpRpWwQaPwIlISEJhYU5Pw==",
      "dev": true
    },
    "brace-expansion": {
      "version": "1.1.11",
      "resolved": "https://registry.npmjs.org/brace-expansion/-/brace-expansion-1.1.11.tgz",
      "integrity": "sha512-iCuPHDFgrHX7H2vEI/5xpz07zSHB00TpugqhmYtVmMO6518mCuRMoOYFldEBl0g187ufozdaHgWKcYFb61qGiA==",
      "dev": true,
      "requires": {
        "balanced-match": "^1.0.0",
        "concat-map": "0.0.1"
      }
    },
    "braces": {
      "version": "3.0.2",
      "resolved": "https://registry.npmjs.org/braces/-/braces-3.0.2.tgz",
      "integrity": "sha512-b8um+L1RzM3WDSzvhm6gIz1yfTbBt6YTlcEKAvsmqCZZFw46z626lVj9j1yEPW33H5H+lBQpZMP1k8l+78Ha0A==",
      "dev": true,
      "requires": {
        "fill-range": "^7.0.1"
      }
    },
    "commander": {
      "version": "7.2.0",
      "resolved": "https://registry.npmjs.org/commander/-/commander-7.2.0.tgz",
      "integrity": "sha512-QrWXB+ZQSVPmIWIhtEO9H+gwHaMGYiF5ChvoJ+K9ZGHG/sVsa6yiesAD1GC/x46sET00Xlwo1u49RVVVzvcSkw==",
      "dev": true
    },
    "concat-map": {
      "version": "0.0.1",
      "resolved": "https://registry.npmjs.org/concat-map/-/concat-map-0.0.1.tgz",
      "integrity": "sha1-2Klr13/Wjfd5OnMDajug1UBdR3s=",
      "dev": true
    },
    "fast-glob": {
      "version": "3.2.7",
      "resolved": "https://registry.npmjs.org/fast-glob/-/fast-glob-3.2.7.tgz",
      "integrity": "sha512-rYGMRwip6lUMvYD3BTScMwT1HtAs2d71SMv66Vrxs0IekGZEjhM0pcMfjQPnknBt2zeCwQMEupiN02ZP4DiT1Q==",
      "dev": true,
      "requires": {
        "@nodelib/fs.stat": "^2.0.2",
        "@nodelib/fs.walk": "^1.2.3",
        "glob-parent": "^5.1.2",
        "merge2": "^1.3.0",
        "micromatch": "^4.0.4"
      }
    },
    "fastq": {
      "version": "1.13.0",
      "resolved": "https://registry.npmjs.org/fastq/-/fastq-1.13.0.tgz",
      "integrity": "sha512-YpkpUnK8od0o1hmeSc7UUs/eB/vIPWJYjKck2QKIzAf71Vm1AAQ3EbuZB3g2JIy+pg+ERD0vqI79KyZiB2e2Nw==",
      "dev": true,
      "requires": {
        "reusify": "^1.0.4"
      }
    },
    "fill-range": {
      "version": "7.0.1",
      "resolved": "https://registry.npmjs.org/fill-range/-/fill-range-7.0.1.tgz",
      "integrity": "sha512-qOo9F+dMUmC2Lcb4BbVvnKJxTPjCm+RRpe4gDuGrzkL7mEVl/djYSu2OdQ2Pa302N4oqkSg9ir6jaLWJ2USVpQ==",
      "dev": true,
      "requires": {
        "to-regex-range": "^5.0.1"
      }
    },
    "fs.realpath": {
      "version": "1.0.0",
      "resolved": "https://registry.npmjs.org/fs.realpath/-/fs.realpath-1.0.0.tgz",
      "integrity": "sha1-FQStJSMVjKpA20onh8sBQRmU6k8=",
      "dev": true
    },
    "glob": {
      "version": "7.1.7",
      "resolved": "https://registry.npmjs.org/glob/-/glob-7.1.7.tgz",
      "integrity": "sha512-OvD9ENzPLbegENnYP5UUfJIirTg4+XwMWGaQfQTY0JenxNvvIKP3U3/tAQSPIu/lHxXYSZmpXlUHeqAIdKzBLQ==",
      "dev": true,
      "requires": {
        "fs.realpath": "^1.0.0",
        "inflight": "^1.0.4",
        "inherits": "2",
        "minimatch": "^3.0.4",
        "once": "^1.3.0",
        "path-is-absolute": "^1.0.0"
      }
    },
    "glob-parent": {
      "version": "5.1.2",
      "resolved": "https://registry.npmjs.org/glob-parent/-/glob-parent-5.1.2.tgz",
      "integrity": "sha512-AOIgSQCepiJYwP3ARnGx+5VnTu2HBYdzbGP45eLw1vr3zB3vZLeyed1sC9hnbcOc9/SrMyM5RPQrkGz4aS9Zow==",
      "dev": true,
      "requires": {
        "is-glob": "^4.0.1"
      }
    },
    "inflight": {
      "version": "1.0.6",
      "resolved": "https://registry.npmjs.org/inflight/-/inflight-1.0.6.tgz",
      "integrity": "sha1-Sb1jMdfQLQwJvJEKEHW6gWW1bfk=",
      "dev": true,
      "requires": {
        "once": "^1.3.0",
        "wrappy": "1"
      }
    },
    "inherits": {
      "version": "2.0.4",
      "resolved": "https://registry.npmjs.org/inherits/-/inherits-2.0.4.tgz",
      "integrity": "sha512-k/vGaX4/Yla3WzyMCvTQOXYeIHvqOKtnqBduzTHpzpQZzAskKMhZ2K+EnBiSM9zGSoIFeMpXKxa4dYeZIQqewQ==",
      "dev": true
    },
    "is-extglob": {
      "version": "2.1.1",
      "resolved": "https://registry.npmjs.org/is-extglob/-/is-extglob-2.1.1.tgz",
      "integrity": "sha1-qIwCU1eR8C7TfHahueqXc8gz+MI=",
      "dev": true
    },
    "is-glob": {
      "version": "4.0.2",
      "resolved": "https://registry.npmjs.org/is-glob/-/is-glob-4.0.2.tgz",
      "integrity": "sha512-ZZTOjRcDjuAAAv2cTBQP/lL59ZTArx77+7UzHdWW/XB1mrfp7DEaVpKmZ0XIzx+M7AxfhKcqV+nMetUQmFifwg==",
      "dev": true,
      "requires": {
        "is-extglob": "^2.1.1"
      }
    },
    "is-number": {
      "version": "7.0.0",
      "resolved": "https://registry.npmjs.org/is-number/-/is-number-7.0.0.tgz",
      "integrity": "sha512-41Cifkg6e8TylSpdtTpeLVMqvSBEVzTttHvERD741+pnZ8ANv0004MRL43QKPDlK9cGvNp6NZWZUBlbGXYxxng==",
      "dev": true
    },
    "merge2": {
      "version": "1.4.1",
      "resolved": "https://registry.npmjs.org/merge2/-/merge2-1.4.1.tgz",
      "integrity": "sha512-8q7VEgMJW4J8tcfVPy8g09NcQwZdbwFEqhe/WZkoIzjn/3TGDwtOCYtXGxA3O8tPzpczCCDgv+P2P5y00ZJOOg==",
      "dev": true
    },
    "micromatch": {
      "version": "4.0.4",
      "resolved": "https://registry.npmjs.org/micromatch/-/micromatch-4.0.4.tgz",
      "integrity": "sha512-pRmzw/XUcwXGpD9aI9q/0XOwLNygjETJ8y0ao0wdqprrzDa4YnxLcz7fQRZr8voh8V10kGhABbNcHVk5wHgWwg==",
      "dev": true,
      "requires": {
        "braces": "^3.0.1",
        "picomatch": "^2.2.3"
      }
    },
    "minimatch": {
      "version": "3.0.4",
      "resolved": "https://registry.npmjs.org/minimatch/-/minimatch-3.0.4.tgz",
      "integrity": "sha512-yJHVQEhyqPLUTgt9B83PXu6W3rx4MvvHvSUvToogpwoGDOUQ+yDrR0HRot+yOCdCO7u4hX3pWft6kWBBcqh0UA==",
      "dev": true,
      "requires": {
        "brace-expansion": "^1.1.7"
      }
    },
    "once": {
      "version": "1.4.0",
      "resolved": "https://registry.npmjs.org/once/-/once-1.4.0.tgz",
      "integrity": "sha1-WDsap3WWHUsROsF9nFC6753Xa9E=",
      "dev": true,
      "requires": {
        "wrappy": "1"
      }
    },
    "path-is-absolute": {
      "version": "1.0.1",
      "resolved": "https://registry.npmjs.org/path-is-absolute/-/path-is-absolute-1.0.1.tgz",
      "integrity": "sha1-F0uSaHNVNP+8es5r9TpanhtcX18=",
      "dev": true
    },
    "picomatch": {
      "version": "2.3.0",
      "resolved": "https://registry.npmjs.org/picomatch/-/picomatch-2.3.0.tgz",
      "integrity": "sha512-lY1Q/PiJGC2zOv/z391WOTD+Z02bCgsFfvxoXXf6h7kv9o+WmsmzYqrAwY63sNgOxE4xEdq0WyUnXfKeBrSvYw==",
      "dev": true
    },
    "queue-microtask": {
      "version": "1.2.3",
      "resolved": "https://registry.npmjs.org/queue-microtask/-/queue-microtask-1.2.3.tgz",
      "integrity": "sha512-NuaNSa6flKT5JaSYQzJok04JzTL1CA6aGhv5rfLW3PgqA+M2ChpZQnAC8h8i4ZFkBS8X5RqkDBHA7r4hej3K9A==",
      "dev": true
    },
    "reusify": {
      "version": "1.0.4",
      "resolved": "https://registry.npmjs.org/reusify/-/reusify-1.0.4.tgz",
      "integrity": "sha512-U9nH88a3fc/ekCF1l0/UP1IosiuIjyTh7hBvXVMHYgVcfGvt897Xguj2UOLDeI5BG2m7/uwyaLVT6fbtCwTyzw==",
      "dev": true
    },
    "rimraf": {
      "version": "3.0.2",
      "resolved": "https://registry.npmjs.org/rimraf/-/rimraf-3.0.2.tgz",
      "integrity": "sha512-JZkJMZkAGFFPP2YqXZXPbMlMBgsxzE8ILs4lMIX/2o0L9UBw9O/Y3o6wFw/i9YLapcUJWwqbi3kdxIPdC62TIA==",
      "dev": true,
      "requires": {
        "glob": "^7.1.3"
      }
    },
    "run-parallel": {
      "version": "1.2.0",
      "resolved": "https://registry.npmjs.org/run-parallel/-/run-parallel-1.2.0.tgz",
      "integrity": "sha512-5l4VyZR86LZ/lDxZTR6jqL8AFE2S0IFLMP26AbjsLVADxHdhB/c0GUsH+y39UfCi3dzz8OlQuPmnaJOMoDHQBA==",
      "dev": true,
      "requires": {
        "queue-microtask": "^1.2.2"
      }
    },
    "slash": {
      "version": "3.0.0",
      "resolved": "https://registry.npmjs.org/slash/-/slash-3.0.0.tgz",
      "integrity": "sha512-g9Q1haeby36OSStwb4ntCGGGaKsaVSjQ68fBxoQcutl5fS1vuY18H3wSt3jFyFtrkx+Kz0V1G85A4MyAdDMi2Q==",
      "dev": true
    },
    "source-map": {
      "version": "0.7.3",
      "resolved": "https://registry.npmjs.org/source-map/-/source-map-0.7.3.tgz",
      "integrity": "sha512-CkCj6giN3S+n9qrYiBTX5gystlENnRW5jZeNLHpe6aue+SrHcG5VYwujhW9s4dY31mEGsxBDrHR6oI69fTXsaQ==",
      "dev": true
    },
    "to-regex-range": {
      "version": "5.0.1",
      "resolved": "https://registry.npmjs.org/to-regex-range/-/to-regex-range-5.0.1.tgz",
      "integrity": "sha512-65P7iz6X5yEr1cwcgvQxbbIw7Uk3gOy5dIdtZ4rDveLqhrdJP+Li/Hx6tyK0NEb+2GCyneCMJiGqrADCSNk8sQ==",
      "dev": true,
      "requires": {
        "is-number": "^7.0.0"
      }
    },
    "wrappy": {
      "version": "1.0.2",
      "resolved": "https://registry.npmjs.org/wrappy/-/wrappy-1.0.2.tgz",
      "integrity": "sha1-tSQ9jz7BqjXxNkYFvA0QNuMKtp8=",
      "dev": true
    }
  }
}
