
Microsoft Visual Studio Solution File, Format Version 12.00
Project("{9A19103F-16F7-4668-BE54-9A1E7A4F7556}") = "AltV.Roleplay", "AltV.Roleplay\AltV.Roleplay.csproj", "{8A18D778-7483-4F69-A18A-493C1E27A853}"
	ProjectSection(ProjectDependencies) = postProject
		{9AFA71CB-4FCD-4C36-92CF-317627EB58A7} = {9AFA71CB-4FCD-4C36-92CF-317627EB58A7}
	EndProjectSection
EndProject
Project("{9A19103F-16F7-4668-BE54-9A1E7A4F7556}") = "SaltyChat.Server", "SaltyChat.Server\SaltyChat.Server.csproj", "{F5CF0335-983D-42C4-8745-73B1C6A763F3}"
EndProject
Project("{FAE04EC0-301F-11D3-BF4B-00C04F79EFBC}") = "DiscordWebhook", "DiscordWebhook\DiscordWebhook.csproj", "{9AFA71CB-4FCD-4C36-92CF-317627EB58A7}"
EndProject
Global
	GlobalSection(SolutionConfigurationPlatforms) = preSolution
		Debug|Any CPU = Debug|Any CPU
		Release|Any CPU = Release|Any CPU
	EndGlobalSection
	GlobalSection(ProjectConfigurationPlatforms) = postSolution
		{F5CF0335-983D-42C4-8745-73B1C6A763F3}.Release|Any CPU.ActiveCfg = Release|Any CPU
		{F5CF0335-983D-42C4-8745-73B1C6A763F3}.Release|Any CPU.Build.0 = Release|Any CPU
		{F5CF0335-983D-42C4-8745-73B1C6A763F3}.Debug|Any CPU.ActiveCfg = Release|Any CPU
		{F5CF0335-983D-42C4-8745-73B1C6A763F3}.Debug|Any CPU.Build.0 = Release|Any CPU
		{9AFA71CB-4FCD-4C36-92CF-317627EB58A7}.Release|Any CPU.ActiveCfg = Release|Any CPU
		{9AFA71CB-4FCD-4C36-92CF-317627EB58A7}.Release|Any CPU.Build.0 = Release|Any CPU
		{9AFA71CB-4FCD-4C36-92CF-317627EB58A7}.Debug|Any CPU.ActiveCfg = Release|Any CPU
		{9AFA71CB-4FCD-4C36-92CF-317627EB58A7}.Debug|Any CPU.Build.0 = Release|Any CPU
		{8A18D778-7483-4F69-A18A-493C1E27A853}.Release|Any CPU.ActiveCfg = Release|Any CPU
		{8A18D778-7483-4F69-A18A-493C1E27A853}.Release|Any CPU.Build.0 = Release|Any CPU
		{8A18D778-7483-4F69-A18A-493C1E27A853}.Debug|Any CPU.ActiveCfg = Release|Any CPU
		{8A18D778-7483-4F69-A18A-493C1E27A853}.Debug|Any CPU.Build.0 = Release|Any CPU
	EndGlobalSection
EndGlobal
